
Microsoft Visual Studio Solution File, Format Version 12.00
# Visual Studio Version 16
VisualStudioVersion = 16.0.31911.196
MinimumVisualStudioVersion = 10.0.40219.1
Project("{9A19103F-16F7-4668-BE54-9A1E7A4F7556}") = "FARApplication.Data", "FARApplication.Data\FARApplication.Data.csproj", "{B4A61D2C-5E4F-41D3-AD08-451BEA676DE9}"
EndProject
Project("{9A19103F-16F7-4668-BE54-9A1E7A4F7556}") = "FARApplication.Service", "FARApplication.WebApi\FARApplication.Service.csproj", "{172F0607-F7D2-48EE-BA6B-77E5FD1D26B8}"
EndProject
Project("{9A19103F-16F7-4668-BE54-9A1E7A4F7556}") = "FARApplication.Web", "FARApplication.Web\FARApplication.Web.csproj", "{152A9530-3979-4B21-ACDF-08E87418681A}"
EndProject
Global
	GlobalSection(SolutionConfigurationPlatforms) = preSolution
		Debug|Any CPU = Debug|Any CPU
		Release|Any CPU = Release|Any CPU
	EndGlobalSection
	GlobalSection(ProjectConfigurationPlatforms) = postSolution
		{B4A61D2C-5E4F-41D3-AD08-451BEA676DE9}.Debug|Any CPU.ActiveCfg = Debug|Any CPU
		{B4A61D2C-5E4F-41D3-AD08-451BEA676DE9}.Debug|Any CPU.Build.0 = Debug|Any CPU
		{B4A61D2C-5E4F-41D3-AD08-451BEA676DE9}.Release|Any CPU.ActiveCfg = Release|Any CPU
		{B4A61D2C-5E4F-41D3-AD08-451BEA676DE9}.Release|Any CPU.Build.0 = Release|Any CPU
		{172F0607-F7D2-48EE-BA6B-77E5FD1D26B8}.Debug|Any CPU.ActiveCfg = Debug|Any CPU
		{172F0607-F7D2-48EE-BA6B-77E5FD1D26B8}.Debug|Any CPU.Build.0 = Debug|Any CPU
		{172F0607-F7D2-48EE-BA6B-77E5FD1D26B8}.Release|Any CPU.ActiveCfg = Release|Any CPU
		{172F0607-F7D2-48EE-BA6B-77E5FD1D26B8}.Release|Any CPU.Build.0 = Release|Any CPU
		{152A9530-3979-4B21-ACDF-08E87418681A}.Debug|Any CPU.ActiveCfg = Debug|Any CPU
		{152A9530-3979-4B21-ACDF-08E87418681A}.Debug|Any CPU.Build.0 = Debug|Any CPU
		{152A9530-3979-4B21-ACDF-08E87418681A}.Release|Any CPU.ActiveCfg = Release|Any CPU
		{152A9530-3979-4B21-ACDF-08E87418681A}.Release|Any CPU.Build.0 = Release|Any CPU
	EndGlobalSection
	GlobalSection(SolutionProperties) = preSolution
		HideSolutionNode = FALSE
	EndGlobalSection
	GlobalSection(ExtensibilityGlobals) = postSolution
		SolutionGuid = {17DFAA49-48C3-419A-BBA4-424B51F1069E}
	EndGlobalSection
EndGlobal
